
Microsoft Visual Studio Solution File, Format Version 12.00
# Visual Studio Version 17
VisualStudioVersion = 17.11.35222.181
MinimumVisualStudioVersion = 10.0.40219.1
Project("{8BC9CEB8-8B4A-11D0-8D11-00A0C91BC942}") = "laba_11", "laba_11.vcxproj", "{92763E0A-C05B-4CB5-8A7A-34723C7A91C7}"
EndProject
Global
	GlobalSection(SolutionConfigurationPlatforms) = preSolution
		Debug|x64 = Debug|x64
		Debug|x86 = Debug|x86
		Release|x64 = Release|x64
		Release|x86 = Release|x86
	EndGlobalSection
	GlobalSection(ProjectConfigurationPlatforms) = postSolution
		{92763E0A-C05B-4CB5-8A7A-34723C7A91C7}.Debug|x64.ActiveCfg = Debug|x64
		{92763E0A-C05B-4CB5-8A7A-34723C7A91C7}.Debug|x64.Build.0 = Debug|x64
		{92763E0A-C05B-4CB5-8A7A-34723C7A91C7}.Debug|x86.ActiveCfg = Debug|Win32
		{92763E0A-C05B-4CB5-8A7A-34723C7A91C7}.Debug|x86.Build.0 = Debug|Win32
		{92763E0A-C05B-4CB5-8A7A-34723C7A91C7}.Release|x64.ActiveCfg = Release|x64
		{92763E0A-C05B-4CB5-8A7A-34723C7A91C7}.Release|x64.Build.0 = Release|x64
		{92763E0A-C05B-4CB5-8A7A-34723C7A91C7}.Release|x86.ActiveCfg = Release|Win32
		{92763E0A-C05B-4CB5-8A7A-34723C7A91C7}.Release|x86.Build.0 = Release|Win32
	EndGlobalSection
	GlobalSection(SolutionProperties) = preSolution
		HideSolutionNode = FALSE
	EndGlobalSection
	GlobalSection(ExtensibilityGlobals) = postSolution
		SolutionGuid = {48698935-0BD3-4EA7-90AE-AA46BA9431A1}
	EndGlobalSection
EndGlobal
